
Microsoft Visual Studio Solution File, Format Version 12.00
# Visual Studio Version 17
VisualStudioVersion = 17.9.34701.34
MinimumVisualStudioVersion = 10.0.40219.1
Project("{888888A0-9F3D-457C-B088-3A5042F75D52}") = "Package Delivery Application", "Package Delivery Application\Package Delivery Application.pyproj", "{0531DA52-EE9A-4961-951F-55F0763F9E16}"
EndProject
Global
	GlobalSection(SolutionConfigurationPlatforms) = preSolution
		Debug|Any CPU = Debug|Any CPU
		Release|Any CPU = Release|Any CPU
	EndGlobalSection
	GlobalSection(ProjectConfigurationPlatforms) = postSolution
		{0531DA52-EE9A-4961-951F-55F0763F9E16}.Debug|Any CPU.ActiveCfg = Debug|Any CPU
		{0531DA52-EE9A-4961-951F-55F0763F9E16}.Release|Any CPU.ActiveCfg = Release|Any CPU
	EndGlobalSection
	GlobalSection(SolutionProperties) = preSolution
		HideSolutionNode = FALSE
	EndGlobalSection
	GlobalSection(ExtensibilityGlobals) = postSolution
		SolutionGuid = {2653C92A-63F2-468F-9DF0-0BB404759B8A}
	EndGlobalSection
EndGlobal
